// !$*UTF8*$!
{
	archiveVersion = 1;
	classes = {
	};
	objectVersion = 56;
	objects = {

/* Begin PBXBuildFile section */
		AA000001 /* RokidLyricsApp.swift in Sources */ = {isa = PBXBuildFile; fileRef = AA100001 /* RokidLyricsApp.swift */; };
		AA000002 /* LyricsContracts.swift in Sources */ = {isa = PBXBuildFile; fileRef = AA100002 /* LyricsContracts.swift */; };
		AA000003 /* WireProtocol.swift in Sources */ = {isa = PBXBuildFile; fileRef = AA100003 /* WireProtocol.swift */; };
		AA000004 /* NowPlayingMonitor.swift in Sources */ = {isa = PBXBuildFile; fileRef = AA100004 /* NowPlayingMonitor.swift */; };
		AA000005 /* LyricsModels.swift in Sources */ = {isa = PBXBuildFile; fileRef = AA100005 /* LyricsModels.swift */; };
		AA000006 /* LrcLibClient.swift in Sources */ = {isa = PBXBuildFile; fileRef = AA100006 /* LrcLibClient.swift */; };
		AA000007 /* MusixmatchProvider.swift in Sources */ = {isa = PBXBuildFile; fileRef = AA100007 /* MusixmatchProvider.swift */; };
		AA000008 /* NeteaseProvider.swift in Sources */ = {isa = PBXBuildFile; fileRef = AA100008 /* NeteaseProvider.swift */; };
		AA000009 /* CompositeLyricsProvider.swift in Sources */ = {isa = PBXBuildFile; fileRef = AA100009 /* CompositeLyricsProvider.swift */; };
		AA000010 /* LyricsRuntimeEngine.swift in Sources */ = {isa = PBXBuildFile; fileRef = AA100010 /* LyricsRuntimeEngine.swift */; };
		AA000011 /* GlassesServer.swift in Sources */ = {isa = PBXBuildFile; fileRef = AA100011 /* GlassesServer.swift */; };
		AA000012 /* LyricsViewModel.swift in Sources */ = {isa = PBXBuildFile; fileRef = AA100012 /* LyricsViewModel.swift */; };
		AA000013 /* MainView.swift in Sources */ = {isa = PBXBuildFile; fileRef = AA100013 /* MainView.swift */; };
		AA000014 /* LyricsView.swift in Sources */ = {isa = PBXBuildFile; fileRef = AA100014 /* LyricsView.swift */; };
		AA000015 /* LyricsLineView.swift in Sources */ = {isa = PBXBuildFile; fileRef = AA100015 /* LyricsLineView.swift */; };
		AA000016 /* SettingsView.swift in Sources */ = {isa = PBXBuildFile; fileRef = AA100016 /* SettingsView.swift */; };
		AA000017 /* Info.plist in Resources */ = {isa = PBXBuildFile; fileRef = AA100017 /* Info.plist */; };
/* End PBXBuildFile section */

/* Begin PBXFileReference section */
		AA100001 /* RokidLyricsApp.swift */ = {isa = PBXFileReference; lastKnownFileType = sourcecode.swift; path = RokidLyricsApp.swift; sourceTree = "<group>"; };
		AA100002 /* LyricsContracts.swift */ = {isa = PBXFileReference; lastKnownFileType = sourcecode.swift; path = LyricsContracts.swift; sourceTree = "<group>"; };
		AA100003 /* WireProtocol.swift */ = {isa = PBXFileReference; lastKnownFileType = sourcecode.swift; path = WireProtocol.swift; sourceTree = "<group>"; };
		AA100004 /* NowPlayingMonitor.swift */ = {isa = PBXFileReference; lastKnownFileType = sourcecode.swift; path = NowPlayingMonitor.swift; sourceTree = "<group>"; };
		AA100005 /* LyricsModels.swift */ = {isa = PBXFileReference; lastKnownFileType = sourcecode.swift; path = LyricsModels.swift; sourceTree = "<group>"; };
		AA100006 /* LrcLibClient.swift */ = {isa = PBXFileReference; lastKnownFileType = sourcecode.swift; path = LrcLibClient.swift; sourceTree = "<group>"; };
		AA100007 /* MusixmatchProvider.swift */ = {isa = PBXFileReference; lastKnownFileType = sourcecode.swift; path = MusixmatchProvider.swift; sourceTree = "<group>"; };
		AA100008 /* NeteaseProvider.swift */ = {isa = PBXFileReference; lastKnownFileType = sourcecode.swift; path = NeteaseProvider.swift; sourceTree = "<group>"; };
		AA100009 /* CompositeLyricsProvider.swift */ = {isa = PBXFileReference; lastKnownFileType = sourcecode.swift; path = CompositeLyricsProvider.swift; sourceTree = "<group>"; };
		AA100010 /* LyricsRuntimeEngine.swift */ = {isa = PBXFileReference; lastKnownFileType = sourcecode.swift; path = LyricsRuntimeEngine.swift; sourceTree = "<group>"; };
		AA100011 /* GlassesServer.swift */ = {isa = PBXFileReference; lastKnownFileType = sourcecode.swift; path = GlassesServer.swift; sourceTree = "<group>"; };
		AA100012 /* LyricsViewModel.swift */ = {isa = PBXFileReference; lastKnownFileType = sourcecode.swift; path = LyricsViewModel.swift; sourceTree = "<group>"; };
		AA100013 /* MainView.swift */ = {isa = PBXFileReference; lastKnownFileType = sourcecode.swift; path = MainView.swift; sourceTree = "<group>"; };
		AA100014 /* LyricsView.swift */ = {isa = PBXFileReference; lastKnownFileType = sourcecode.swift; path = LyricsView.swift; sourceTree = "<group>"; };
		AA100015 /* LyricsLineView.swift */ = {isa = PBXFileReference; lastKnownFileType = sourcecode.swift; path = LyricsLineView.swift; sourceTree = "<group>"; };
		AA100016 /* SettingsView.swift */ = {isa = PBXFileReference; lastKnownFileType = sourcecode.swift; path = SettingsView.swift; sourceTree = "<group>"; };
		AA100017 /* Info.plist */ = {isa = PBXFileReference; lastKnownFileType = text.plist.xml; path = Info.plist; sourceTree = "<group>"; };
		AAPROD001 /* RokidLyrics.app */ = {isa = PBXFileReference; explicitFileType = wrapper.application; includeInIndex = 0; path = RokidLyrics.app; sourceTree = BUILT_PRODUCTS_DIR; };
/* End PBXFileReference section */

/* Begin PBXFrameworksBuildPhase section */
		AABP0001 /* Frameworks */ = {
			isa = PBXFrameworksBuildPhase;
			buildActionMask = 2147483647;
			files = ();
			runOnlyForDeploymentPostprocessing = 0;
		};
/* End PBXFrameworksBuildPhase section */

/* Begin PBXGroup section */
		AAGRP0000 /* RokidLyrics */ = {
			isa = PBXGroup;
			children = (
				AA100001 /* RokidLyricsApp.swift */,
				AA100017 /* Info.plist */,
				AAGRP0001 /* Protocol */,
				AAGRP0002 /* Media */,
				AAGRP0003 /* Lyrics */,
				AAGRP0004 /* Glasses */,
				AAGRP0005 /* ViewModel */,
				AAGRP0006 /* UI */,
			);
			path = RokidLyrics;
			sourceTree = "<group>";
		};
		AAGRP0001 /* Protocol */ = {
			isa = PBXGroup;
			children = (
				AA100002 /* LyricsContracts.swift */,
				AA100003 /* WireProtocol.swift */,
			);
			path = Protocol;
			sourceTree = "<group>";
		};
		AAGRP0002 /* Media */ = {
			isa = PBXGroup;
			children = (
				AA100004 /* NowPlayingMonitor.swift */,
			);
			path = Media;
			sourceTree = "<group>";
		};
		AAGRP0003 /* Lyrics */ = {
			isa = PBXGroup;
			children = (
				AA100005 /* LyricsModels.swift */,
				AA100006 /* LrcLibClient.swift */,
				AA100007 /* MusixmatchProvider.swift */,
				AA100008 /* NeteaseProvider.swift */,
				AA100009 /* CompositeLyricsProvider.swift */,
				AA100010 /* LyricsRuntimeEngine.swift */,
			);
			path = Lyrics;
			sourceTree = "<group>";
		};
		AAGRP0004 /* Glasses */ = {
			isa = PBXGroup;
			children = (
				AA100011 /* GlassesServer.swift */,
			);
			path = Glasses;
			sourceTree = "<group>";
		};
		AAGRP0005 /* ViewModel */ = {
			isa = PBXGroup;
			children = (
				AA100012 /* LyricsViewModel.swift */,
			);
			path = ViewModel;
			sourceTree = "<group>";
		};
		AAGRP0006 /* UI */ = {
			isa = PBXGroup;
			children = (
				AA100013 /* MainView.swift */,
				AA100014 /* LyricsView.swift */,
				AA100015 /* LyricsLineView.swift */,
				AA100016 /* SettingsView.swift */,
			);
			path = UI;
			sourceTree = "<group>";
		};
		AAROOT000 = {
			isa = PBXGroup;
			children = (
				AAGRP0000 /* RokidLyrics */,
				AAPROD000 /* Products */,
			);
			sourceTree = "<group>";
		};
		AAPROD000 /* Products */ = {
			isa = PBXGroup;
			children = (
				AAPROD001 /* RokidLyrics.app */,
			);
			name = Products;
			sourceTree = "<group>";
		};
/* End PBXGroup section */

/* Begin PBXNativeTarget section */
		AATGT0001 /* RokidLyrics */ = {
			isa = PBXNativeTarget;
			buildConfigurationList = AACFG0001 /* Build configuration list for PBXNativeTarget "RokidLyrics" */;
			buildPhases = (
				AABP0000 /* Sources */,
				AABP0001 /* Frameworks */,
				AABP0002 /* Resources */,
			);
			buildRules = ();
			dependencies = ();
			name = RokidLyrics;
			productName = RokidLyrics;
			productReference = AAPROD001 /* RokidLyrics.app */;
			productType = "com.apple.product-type.application";
		};
/* End PBXNativeTarget section */

/* Begin PBXProject section */
		AAPROJ001 /* Project object */ = {
			isa = PBXProject;
			attributes = {
				BuildIndependentTargetsInParallel = 1;
				LastSwiftUpdateCheck = 1500;
				LastUpgradeCheck = 1500;
				TargetAttributes = {
					AATGT0001 = {
						CreatedOnToolsVersion = 15.0;
					};
				};
			};
			buildConfigurationList = AACFG0000 /* Build configuration list for PBXProject "RokidLyrics" */;
			compatibilityVersion = "Xcode 14.0";
			developmentRegion = en;
			hasScannedForEncodings = 0;
			knownRegions = (
				en,
				Base,
			);
			mainGroup = AAROOT000;
			productRefGroup = AAPROD000 /* Products */;
			projectDirPath = "";
			projectRoot = "";
			targets = (
				AATGT0001 /* RokidLyrics */,
			);
		};
/* End PBXProject section */

/* Begin PBXResourcesBuildPhase section */
		AABP0002 /* Resources */ = {
			isa = PBXResourcesBuildPhase;
			buildActionMask = 2147483647;
			files = ();
			runOnlyForDeploymentPostprocessing = 0;
		};
/* End PBXResourcesBuildPhase section */

/* Begin PBXSourcesBuildPhase section */
		AABP0000 /* Sources */ = {
			isa = PBXSourcesBuildPhase;
			buildActionMask = 2147483647;
			files = (
				AA000001 /* RokidLyricsApp.swift in Sources */,
				AA000002 /* LyricsContracts.swift in Sources */,
				AA000003 /* WireProtocol.swift in Sources */,
				AA000004 /* NowPlayingMonitor.swift in Sources */,
				AA000005 /* LyricsModels.swift in Sources */,
				AA000006 /* LrcLibClient.swift in Sources */,
				AA000007 /* MusixmatchProvider.swift in Sources */,
				AA000008 /* NeteaseProvider.swift in Sources */,
				AA000009 /* CompositeLyricsProvider.swift in Sources */,
				AA000010 /* LyricsRuntimeEngine.swift in Sources */,
				AA000011 /* GlassesServer.swift in Sources */,
				AA000012 /* LyricsViewModel.swift in Sources */,
				AA000013 /* MainView.swift in Sources */,
				AA000014 /* LyricsView.swift in Sources */,
				AA000015 /* LyricsLineView.swift in Sources */,
				AA000016 /* SettingsView.swift in Sources */,
			);
			runOnlyForDeploymentPostprocessing = 0;
		};
/* End PBXSourcesBuildPhase section */

/* Begin XCBuildConfiguration section */
		AACFG0010 /* Debug */ = {
			isa = XCBuildConfiguration;
			buildSettings = {
				ALWAYS_SEARCH_USER_PATHS = NO;
				ASSETCATALOG_COMPILER_GENERATE_SWIFT_ASSET_SYMBOL_EXTENSIONS = YES;
				CLANG_ANALYZER_NONNULL = YES;
				CLANG_ANALYZER_NUMBER_OBJECT_CONVERSION = YES_AGGRESSIVE;
				CLANG_CXX_LANGUAGE_STANDARD = "gnu++20";
				CLANG_ENABLE_MODULES = YES;
				CLANG_ENABLE_OBJC_ARC = YES;
				CLANG_ENABLE_OBJC_WEAK = YES;
				CLANG_WARN_BLOCK_CAPTURE_AUTORELEASING = YES;
				CLANG_WARN_BOOL_CONVERSION = YES;
				CLANG_WARN_COMMA = YES;
				CLANG_WARN_CONSTANT_CONVERSION = YES;
				CLANG_WARN_DEPRECATED_OBJC_IMPLEMENTATIONS = YES;
				CLANG_WARN_DIRECT_OBJC_ISA_USAGE = YES_ERROR;
				CLANG_WARN_DOCUMENTATION_COMMENTS = YES;
				CLANG_WARN_EMPTY_BODY = YES;
				CLANG_WARN_ENUM_CONVERSION = YES;
				CLANG_WARN_INFINITE_RECURSION = YES;
				CLANG_WARN_INT_CONVERSION = YES;
				CLANG_WARN_NON_LITERAL_NULL_CONVERSION = YES;
				CLANG_WARN_OBJC_IMPLICIT_RETAIN_CYCLE = YES;
				CLANG_WARN_OBJC_LITERAL_CONVERSION = YES;
				CLANG_WARN_OBJC_ROOT_CLASS = YES_ERROR;
				CLANG_WARN_QUOTED_INCLUDE_IN_FRAMEWORK_HEADER = YES;
				CLANG_WARN_RANGE_LOOP_ANALYSIS = YES;
				CLANG_WARN_STRICT_PROTOTYPES = YES;
				CLANG_WARN_SUSPICIOUS_MOVE = YES;
				CLANG_WARN_UNGUARDED_AVAILABILITY = YES_AGGRESSIVE;
				CLANG_WARN_UNREACHABLE_CODE = YES;
				CLANG_WARN__DUPLICATE_METHOD_MATCH = YES;
				COPY_PHASE_STRIP = NO;
				DEBUG_INFORMATION_FORMAT = dwarf;
				ENABLE_STRICT_OBJC_MSGSEND = YES;
				ENABLE_TESTABILITY = YES;
				ENABLE_USER_SCRIPT_SANDBOXING = YES;
				GCC_C_LANGUAGE_STANDARD = gnu17;
				GCC_DYNAMIC_NO_PIC = NO;
				GCC_NO_COMMON_BLOCKS = YES;
				GCC_OPTIMIZATION_LEVEL = 0;
				GCC_PREPROCESSOR_DEFINITIONS = (
					"DEBUG=1",
					"$(inherited)",
				);
				GCC_WARN_64_TO_32_BIT_CONVERSION = YES;
				GCC_WARN_ABOUT_RETURN_TYPE = YES_ERROR;
				GCC_WARN_UNDECLARED_SELECTOR = YES;
				GCC_WARN_UNINITIALIZED_AUTOS = YES_AGGRESSIVE;
				GCC_WARN_UNUSED_FUNCTION = YES;
				GCC_WARN_UNUSED_VARIABLE = YES;
				IPHONEOS_DEPLOYMENT_TARGET = 16.0;
				MTL_ENABLE_DEBUG_INFO = INCLUDE_SOURCE;
				MTL_FAST_MATH = YES;
				ONLY_ACTIVE_ARCH = YES;
				SDKROOT = iphoneos;
				SWIFT_ACTIVE_COMPILATION_CONDITIONS = DEBUG;
				SWIFT_OPTIMIZATION_LEVEL = "-Onone";
			};
			name = Debug;
		};
		AACFG0011 /* Release */ = {
			isa = XCBuildConfiguration;
			buildSettings = {
				ALWAYS_SEARCH_USER_PATHS = NO;
				ASSETCATALOG_COMPILER_GENERATE_SWIFT_ASSET_SYMBOL_EXTENSIONS = YES;
				CLANG_ANALYZER_NONNULL = YES;
				CLANG_ANALYZER_NUMBER_OBJECT_CONVERSION = YES_AGGRESSIVE;
				CLANG_CXX_LANGUAGE_STANDARD = "gnu++20";
				CLANG_ENABLE_MODULES = YES;
				CLANG_ENABLE_OBJC_ARC = YES;
				CLANG_ENABLE_OBJC_WEAK = YES;
				CLANG_WARN_BLOCK_CAPTURE_AUTORELEASING = YES;
				CLANG_WARN_BOOL_CONVERSION = YES;
				CLANG_WARN_COMMA = YES;
				CLANG_WARN_CONSTANT_CONVERSION = YES;
				CLANG_WARN_DEPRECATED_OBJC_IMPLEMENTATIONS = YES;
				CLANG_WARN_DIRECT_OBJC_ISA_USAGE = YES_ERROR;
				CLANG_WARN_DOCUMENTATION_COMMENTS = YES;
				CLANG_WARN_EMPTY_BODY = YES;
				CLANG_WARN_ENUM_CONVERSION = YES;
				CLANG_WARN_INFINITE_RECURSION = YES;
				CLANG_WARN_INT_CONVERSION = YES;
				CLANG_WARN_NON_LITERAL_NULL_CONVERSION = YES;
				CLANG_WARN_OBJC_IMPLICIT_RETAIN_CYCLE = YES;
				CLANG_WARN_OBJC_LITERAL_CONVERSION = YES;
				CLANG_WARN_OBJC_ROOT_CLASS = YES_ERROR;
				CLANG_WARN_QUOTED_INCLUDE_IN_FRAMEWORK_HEADER = YES;
				CLANG_WARN_RANGE_LOOP_ANALYSIS = YES;
				CLANG_WARN_STRICT_PROTOTYPES = YES;
				CLANG_WARN_SUSPICIOUS_MOVE = YES;
				CLANG_WARN_UNGUARDED_AVAILABILITY = YES_AGGRESSIVE;
				CLANG_WARN_UNREACHABLE_CODE = YES;
				CLANG_WARN__DUPLICATE_METHOD_MATCH = YES;
				COPY_PHASE_STRIP = NO;
				DEBUG_INFORMATION_FORMAT = "dwarf-with-dsym";
				ENABLE_NS_ASSERTIONS = NO;
				ENABLE_STRICT_OBJC_MSGSEND = YES;
				ENABLE_USER_SCRIPT_SANDBOXING = YES;
				GCC_C_LANGUAGE_STANDARD = gnu17;
				GCC_NO_COMMON_BLOCKS = YES;
				GCC_WARN_64_TO_32_BIT_CONVERSION = YES;
				GCC_WARN_ABOUT_RETURN_TYPE = YES_ERROR;
				GCC_WARN_UNDECLARED_SELECTOR = YES;
				GCC_WARN_UNINITIALIZED_AUTOS = YES_AGGRESSIVE;
				GCC_WARN_UNUSED_FUNCTION = YES;
				GCC_WARN_UNUSED_VARIABLE = YES;
				IPHONEOS_DEPLOYMENT_TARGET = 16.0;
				MTL_FAST_MATH = YES;
				SDKROOT = iphoneos;
				SWIFT_COMPILATION_MODE = wholemodule;
				SWIFT_OPTIMIZATION_LEVEL = "-O";
				VALIDATE_PRODUCT = YES;
			};
			name = Release;
		};
		AACFG0020 /* Debug */ = {
			isa = XCBuildConfiguration;
			buildSettings = {
				ASSETCATALOG_COMPILER_APPICON_NAME = AppIcon;
				ASSETCATALOG_COMPILER_GLOBAL_ACCENT_COLOR_NAME = AccentColor;
				CODE_SIGN_STYLE = Automatic;
				CURRENT_PROJECT_VERSION = 1;
				DEVELOPMENT_ASSET_PATHS = "";
				ENABLE_PREVIEWS = YES;
				GENERATE_INFOPLIST_FILE = NO;
				INFOPLIST_FILE = RokidLyrics/Info.plist;
				IPHONEOS_DEPLOYMENT_TARGET = 16.0;
				LD_RUNPATH_SEARCH_PATHS = (
					"$(inherited)",
					"@executable_path/Frameworks",
				);
				MARKETING_VERSION = 1.0;
				PRODUCT_BUNDLE_IDENTIFIER = com.rokid.lyrics.ios;
				PRODUCT_NAME = "$(TARGET_NAME)";
				SWIFT_EMIT_LOC_STRINGS = YES;
				SWIFT_VERSION = 5.0;
				TARGETED_DEVICE_FAMILY = "1,2";
			};
			name = Debug;
		};
		AACFG0021 /* Release */ = {
			isa = XCBuildConfiguration;
			buildSettings = {
				ASSETCATALOG_COMPILER_APPICON_NAME = AppIcon;
				ASSETCATALOG_COMPILER_GLOBAL_ACCENT_COLOR_NAME = AccentColor;
				CODE_SIGN_STYLE = Automatic;
				CURRENT_PROJECT_VERSION = 1;
				DEVELOPMENT_ASSET_PATHS = "";
				ENABLE_PREVIEWS = YES;
				GENERATE_INFOPLIST_FILE = NO;
				INFOPLIST_FILE = RokidLyrics/Info.plist;
				IPHONEOS_DEPLOYMENT_TARGET = 16.0;
				LD_RUNPATH_SEARCH_PATHS = (
					"$(inherited)",
					"@executable_path/Frameworks",
				);
				MARKETING_VERSION = 1.0;
				PRODUCT_BUNDLE_IDENTIFIER = com.rokid.lyrics.ios;
				PRODUCT_NAME = "$(TARGET_NAME)";
				SWIFT_EMIT_LOC_STRINGS = YES;
				SWIFT_VERSION = 5.0;
				TARGETED_DEVICE_FAMILY = "1,2";
			};
			name = Release;
		};
/* End XCBuildConfiguration section */

/* Begin XCConfigurationList section */
		AACFG0000 /* Build configuration list for PBXProject "RokidLyrics" */ = {
			isa = XCConfigurationList;
			buildConfigurations = (
				AACFG0010 /* Debug */,
				AACFG0011 /* Release */,
			);
			defaultConfigurationIsVisible = 0;
			defaultConfigurationName = Release;
		};
		AACFG0001 /* Build configuration list for PBXNativeTarget "RokidLyrics" */ = {
			isa = XCConfigurationList;
			buildConfigurations = (
				AACFG0020 /* Debug */,
				AACFG0021 /* Release */,
			);
			defaultConfigurationIsVisible = 0;
			defaultConfigurationName = Release;
		};
/* End XCConfigurationList section */

	};
	rootObject = AAPROJ001 /* Project object */;
}
